// !$*UTF8*$!
{
	archiveVersion = 1;
	classes = {
	};
	objectVersion = 56;
	objects = {

/* Begin PBXBuildFile section */
		304EA8B12A61B26900EC5EBA /* GalileoApp.swift in Sources */ = {isa = PBXBuildFile; fileRef = 304EA8B02A61B26900EC5EBA /* GalileoApp.swift */; };
		304EA8B32A61B26900EC5EBA /* ContentView.swift in Sources */ = {isa = PBXBuildFile; fileRef = 304EA8B22A61B26900EC5EBA /* ContentView.swift */; };
		304EA8B52A61B26D00EC5EBA /* Assets.xcassets in Resources */ = {isa = PBXBuildFile; fileRef = 304EA8B42A61B26D00EC5EBA /* Assets.xcassets */; };
		304EA8B82A61B26D00EC5EBA /* Preview Assets.xcassets in Resources */ = {isa = PBXBuildFile; fileRef = 304EA8B72A61B26D00EC5EBA /* Preview Assets.xcassets */; };
		304EA8BF2A61B29A00EC5EBA /* Graphics.swift in Sources */ = {isa = PBXBuildFile; fileRef = 304EA8BE2A61B29A00EC5EBA /* Graphics.swift */; };
		304EA8C92A61B2D600EC5EBA /* SearchView.swift in Sources */ = {isa = PBXBuildFile; fileRef = 304EA8C22A61B2D600EC5EBA /* SearchView.swift */; };
		304EA8CA2A61B2D600EC5EBA /* CelestialView.swift in Sources */ = {isa = PBXBuildFile; fileRef = 304EA8C32A61B2D600EC5EBA /* CelestialView.swift */; };
		304EA8CB2A61B2D600EC5EBA /* ARView.swift in Sources */ = {isa = PBXBuildFile; fileRef = 304EA8C42A61B2D600EC5EBA /* ARView.swift */; };
		304EA8CC2A61B2D600EC5EBA /* ProvaView.swift in Sources */ = {isa = PBXBuildFile; fileRef = 304EA8C52A61B2D600EC5EBA /* ProvaView.swift */; };
		304EA8CD2A61B2D600EC5EBA /* SplashScreen.swift in Sources */ = {isa = PBXBuildFile; fileRef = 304EA8C62A61B2D600EC5EBA /* SplashScreen.swift */; };
		304EA8CE2A61B2D600EC5EBA /* TableView.swift in Sources */ = {isa = PBXBuildFile; fileRef = 304EA8C72A61B2D600EC5EBA /* TableView.swift */; };
		304EA8CF2A61B2D600EC5EBA /* AboutView.swift in Sources */ = {isa = PBXBuildFile; fileRef = 304EA8C82A61B2D600EC5EBA /* AboutView.swift */; };
		304EA8D22A61B2F100EC5EBA /* Celestial.swift in Sources */ = {isa = PBXBuildFile; fileRef = 304EA8D12A61B2F100EC5EBA /* Celestial.swift */; };
		304EA8DA2A61B3BF00EC5EBA /* mars.reality in Resources */ = {isa = PBXBuildFile; fileRef = 304EA8D62A61B3BF00EC5EBA /* mars.reality */; };
		304EA8DB2A61B3BF00EC5EBA /* moon.reality in Resources */ = {isa = PBXBuildFile; fileRef = 304EA8D72A61B3BF00EC5EBA /* moon.reality */; };
		304EA8DC2A61B3BF00EC5EBA /* Celestials.json in Resources */ = {isa = PBXBuildFile; fileRef = 304EA8D82A61B3BF00EC5EBA /* Celestials.json */; };
		304EA8DD2A61B3BF00EC5EBA /* sun.reality in Resources */ = {isa = PBXBuildFile; fileRef = 304EA8D92A61B3BF00EC5EBA /* sun.reality */; };
		304EA8DF2A61B8F000EC5EBA /* NewCelestialView.swift in Sources */ = {isa = PBXBuildFile; fileRef = 304EA8DE2A61B8F000EC5EBA /* NewCelestialView.swift */; };
/* End PBXBuildFile section */

/* Begin PBXFileReference section */
		304EA8AD2A61B26900EC5EBA /* Galileo.app */ = {isa = PBXFileReference; explicitFileType = wrapper.application; includeInIndex = 0; path = Galileo.app; sourceTree = BUILT_PRODUCTS_DIR; };
		304EA8B02A61B26900EC5EBA /* GalileoApp.swift */ = {isa = PBXFileReference; lastKnownFileType = sourcecode.swift; path = GalileoApp.swift; sourceTree = "<group>"; };
		304EA8B22A61B26900EC5EBA /* ContentView.swift */ = {isa = PBXFileReference; lastKnownFileType = sourcecode.swift; path = ContentView.swift; sourceTree = "<group>"; };
		304EA8B42A61B26D00EC5EBA /* Assets.xcassets */ = {isa = PBXFileReference; lastKnownFileType = folder.assetcatalog; path = Assets.xcassets; sourceTree = "<group>"; };
		304EA8B72A61B26D00EC5EBA /* Preview Assets.xcassets */ = {isa = PBXFileReference; lastKnownFileType = folder.assetcatalog; path = "Preview Assets.xcassets"; sourceTree = "<group>"; };
		304EA8BE2A61B29A00EC5EBA /* Graphics.swift */ = {isa = PBXFileReference; fileEncoding = 4; lastKnownFileType = sourcecode.swift; path = Graphics.swift; sourceTree = "<group>"; };
		304EA8C22A61B2D600EC5EBA /* SearchView.swift */ = {isa = PBXFileReference; fileEncoding = 4; lastKnownFileType = sourcecode.swift; path = SearchView.swift; sourceTree = "<group>"; };
		304EA8C32A61B2D600EC5EBA /* CelestialView.swift */ = {isa = PBXFileReference; fileEncoding = 4; lastKnownFileType = sourcecode.swift; path = CelestialView.swift; sourceTree = "<group>"; };
		304EA8C42A61B2D600EC5EBA /* ARView.swift */ = {isa = PBXFileReference; fileEncoding = 4; lastKnownFileType = sourcecode.swift; path = ARView.swift; sourceTree = "<group>"; };
		304EA8C52A61B2D600EC5EBA /* ProvaView.swift */ = {isa = PBXFileReference; fileEncoding = 4; lastKnownFileType = sourcecode.swift; path = ProvaView.swift; sourceTree = "<group>"; };
		304EA8C62A61B2D600EC5EBA /* SplashScreen.swift */ = {isa = PBXFileReference; fileEncoding = 4; lastKnownFileType = sourcecode.swift; path = SplashScreen.swift; sourceTree = "<group>"; };
		304EA8C72A61B2D600EC5EBA /* TableView.swift */ = {isa = PBXFileReference; fileEncoding = 4; lastKnownFileType = sourcecode.swift; path = TableView.swift; sourceTree = "<group>"; };
		304EA8C82A61B2D600EC5EBA /* AboutView.swift */ = {isa = PBXFileReference; fileEncoding = 4; lastKnownFileType = sourcecode.swift; path = AboutView.swift; sourceTree = "<group>"; };
		304EA8D12A61B2F100EC5EBA /* Celestial.swift */ = {isa = PBXFileReference; fileEncoding = 4; lastKnownFileType = sourcecode.swift; path = Celestial.swift; sourceTree = "<group>"; };
		304EA8D62A61B3BF00EC5EBA /* mars.reality */ = {isa = PBXFileReference; lastKnownFileType = file; path = mars.reality; sourceTree = "<group>"; };
		304EA8D72A61B3BF00EC5EBA /* moon.reality */ = {isa = PBXFileReference; lastKnownFileType = file; path = moon.reality; sourceTree = "<group>"; };
		304EA8D82A61B3BF00EC5EBA /* Celestials.json */ = {isa = PBXFileReference; fileEncoding = 4; lastKnownFileType = text.json; path = Celestials.json; sourceTree = "<group>"; };
		304EA8D92A61B3BF00EC5EBA /* sun.reality */ = {isa = PBXFileReference; lastKnownFileType = file; path = sun.reality; sourceTree = "<group>"; };
		304EA8DE2A61B8F000EC5EBA /* NewCelestialView.swift */ = {isa = PBXFileReference; lastKnownFileType = sourcecode.swift; path = NewCelestialView.swift; sourceTree = "<group>"; };
/* End PBXFileReference section */

/* Begin PBXFrameworksBuildPhase section */
		304EA8AA2A61B26900EC5EBA /* Frameworks */ = {
			isa = PBXFrameworksBuildPhase;
			buildActionMask = 2147483647;
			files = (
			);
			runOnlyForDeploymentPostprocessing = 0;
		};
/* End PBXFrameworksBuildPhase section */

/* Begin PBXGroup section */
		304EA8A42A61B26900EC5EBA = {
			isa = PBXGroup;
			children = (
				304EA8AF2A61B26900EC5EBA /* Galileo */,
				304EA8AE2A61B26900EC5EBA /* Products */,
			);
			sourceTree = "<group>";
		};
		304EA8AE2A61B26900EC5EBA /* Products */ = {
			isa = PBXGroup;
			children = (
				304EA8AD2A61B26900EC5EBA /* Galileo.app */,
			);
			name = Products;
			sourceTree = "<group>";
		};
		304EA8AF2A61B26900EC5EBA /* Galileo */ = {
			isa = PBXGroup;
			children = (
				304EA8D52A61B3AD00EC5EBA /* Resources */,
				304EA8D02A61B2DF00EC5EBA /* Model */,
				304EA8C12A61B2CA00EC5EBA /* View */,
				304EA8C02A61B2A300EC5EBA /* Data */,
				304EA8B02A61B26900EC5EBA /* GalileoApp.swift */,
				304EA8B22A61B26900EC5EBA /* ContentView.swift */,
				304EA8B42A61B26D00EC5EBA /* Assets.xcassets */,
				304EA8B62A61B26D00EC5EBA /* Preview Content */,
			);
			path = Galileo;
			sourceTree = "<group>";
		};
		304EA8B62A61B26D00EC5EBA /* Preview Content */ = {
			isa = PBXGroup;
			children = (
				304EA8B72A61B26D00EC5EBA /* Preview Assets.xcassets */,
			);
			path = "Preview Content";
			sourceTree = "<group>";
		};
		304EA8C02A61B2A300EC5EBA /* Data */ = {
			isa = PBXGroup;
			children = (
				304EA8BE2A61B29A00EC5EBA /* Graphics.swift */,
			);
			path = Data;
			sourceTree = "<group>";
		};
		304EA8C12A61B2CA00EC5EBA /* View */ = {
			isa = PBXGroup;
			children = (
				304EA8C82A61B2D600EC5EBA /* AboutView.swift */,
				304EA8C42A61B2D600EC5EBA /* ARView.swift */,
				304EA8C32A61B2D600EC5EBA /* CelestialView.swift */,
				304EA8C52A61B2D600EC5EBA /* ProvaView.swift */,
				304EA8C22A61B2D600EC5EBA /* SearchView.swift */,
				304EA8C62A61B2D600EC5EBA /* SplashScreen.swift */,
				304EA8C72A61B2D600EC5EBA /* TableView.swift */,
				304EA8DE2A61B8F000EC5EBA /* NewCelestialView.swift */,
			);
			path = View;
			sourceTree = "<group>";
		};
		304EA8D02A61B2DF00EC5EBA /* Model */ = {
			isa = PBXGroup;
			children = (
				304EA8D12A61B2F100EC5EBA /* Celestial.swift */,
			);
			path = Model;
			sourceTree = "<group>";
		};
		304EA8D52A61B3AD00EC5EBA /* Resources */ = {
			isa = PBXGroup;
			children = (
				304EA8D82A61B3BF00EC5EBA /* Celestials.json */,
				304EA8D62A61B3BF00EC5EBA /* mars.reality */,
				304EA8D72A61B3BF00EC5EBA /* moon.reality */,
				304EA8D92A61B3BF00EC5EBA /* sun.reality */,
			);
			path = Resources;
			sourceTree = "<group>";
		};
/* End PBXGroup section */

/* Begin PBXNativeTarget section */
		304EA8AC2A61B26900EC5EBA /* Galileo */ = {
			isa = PBXNativeTarget;
			buildConfigurationList = 304EA8BB2A61B26D00EC5EBA /* Build configuration list for PBXNativeTarget "Galileo" */;
			buildPhases = (
				304EA8A92A61B26900EC5EBA /* Sources */,
				304EA8AA2A61B26900EC5EBA /* Frameworks */,
				304EA8AB2A61B26900EC5EBA /* Resources */,
			);
			buildRules = (
			);
			dependencies = (
			);
			name = Galileo;
			productName = Galileo;
			productReference = 304EA8AD2A61B26900EC5EBA /* Galileo.app */;
			productType = "com.apple.product-type.application";
		};
/* End PBXNativeTarget section */

/* Begin PBXProject section */
		304EA8A52A61B26900EC5EBA /* Project object */ = {
			isa = PBXProject;
			attributes = {
				BuildIndependentTargetsInParallel = 1;
				LastSwiftUpdateCheck = 1430;
				LastUpgradeCheck = 1430;
				TargetAttributes = {
					304EA8AC2A61B26900EC5EBA = {
						CreatedOnToolsVersion = 14.3.1;
					};
				};
			};
			buildConfigurationList = 304EA8A82A61B26900EC5EBA /* Build configuration list for PBXProject "Galileo" */;
			compatibilityVersion = "Xcode 14.0";
			developmentRegion = en;
			hasScannedForEncodings = 0;
			knownRegions = (
				en,
				Base,
			);
			mainGroup = 304EA8A42A61B26900EC5EBA;
			productRefGroup = 304EA8AE2A61B26900EC5EBA /* Products */;
			projectDirPath = "";
			projectRoot = "";
			targets = (
				304EA8AC2A61B26900EC5EBA /* Galileo */,
			);
		};
/* End PBXProject section */

/* Begin PBXResourcesBuildPhase section */
		304EA8AB2A61B26900EC5EBA /* Resources */ = {
			isa = PBXResourcesBuildPhase;
			buildActionMask = 2147483647;
			files = (
				304EA8DC2A61B3BF00EC5EBA /* Celestials.json in Resources */,
				304EA8B82A61B26D00EC5EBA /* Preview Assets.xcassets in Resources */,
				304EA8DB2A61B3BF00EC5EBA /* moon.reality in Resources */,
				304EA8DA2A61B3BF00EC5EBA /* mars.reality in Resources */,
				304EA8B52A61B26D00EC5EBA /* Assets.xcassets in Resources */,
				304EA8DD2A61B3BF00EC5EBA /* sun.reality in Resources */,
			);
			runOnlyForDeploymentPostprocessing = 0;
		};
/* End PBXResourcesBuildPhase section */

/* Begin PBXSourcesBuildPhase section */
		304EA8A92A61B26900EC5EBA /* Sources */ = {
			isa = PBXSourcesBuildPhase;
			buildActionMask = 2147483647;
			files = (
				304EA8CD2A61B2D600EC5EBA /* SplashScreen.swift in Sources */,
				304EA8C92A61B2D600EC5EBA /* SearchView.swift in Sources */,
				304EA8BF2A61B29A00EC5EBA /* Graphics.swift in Sources */,
				304EA8B32A61B26900EC5EBA /* ContentView.swift in Sources */,
				304EA8DF2A61B8F000EC5EBA /* NewCelestialView.swift in Sources */,
				304EA8D22A61B2F100EC5EBA /* Celestial.swift in Sources */,
				304EA8CF2A61B2D600EC5EBA /* AboutView.swift in Sources */,
				304EA8CE2A61B2D600EC5EBA /* TableView.swift in Sources */,
				304EA8CA2A61B2D600EC5EBA /* CelestialView.swift in Sources */,
				304EA8CC2A61B2D600EC5EBA /* ProvaView.swift in Sources */,
				304EA8B12A61B26900EC5EBA /* GalileoApp.swift in Sources */,
				304EA8CB2A61B2D600EC5EBA /* ARView.swift in Sources */,
			);
			runOnlyForDeploymentPostprocessing = 0;
		};
/* End PBXSourcesBuildPhase section */

/* Begin XCBuildConfiguration section */
		304EA8B92A61B26D00EC5EBA /* Debug */ = {
			isa = XCBuildConfiguration;
			buildSettings = {
				ALWAYS_SEARCH_USER_PATHS = NO;
				CLANG_ANALYZER_NONNULL = YES;
				CLANG_ANALYZER_NUMBER_OBJECT_CONVERSION = YES_AGGRESSIVE;
				CLANG_CXX_LANGUAGE_STANDARD = "gnu++20";
				CLANG_ENABLE_MODULES = YES;
				CLANG_ENABLE_OBJC_ARC = YES;
				CLANG_ENABLE_OBJC_WEAK = YES;
				CLANG_WARN_BLOCK_CAPTURE_AUTORELEASING = YES;
				CLANG_WARN_BOOL_CONVERSION = YES;
				CLANG_WARN_COMMA = YES;
				CLANG_WARN_CONSTANT_CONVERSION = YES;
				CLANG_WARN_DEPRECATED_OBJC_IMPLEMENTATIONS = YES;
				CLANG_WARN_DIRECT_OBJC_ISA_USAGE = YES_ERROR;
				CLANG_WARN_DOCUMENTATION_COMMENTS = YES;
				CLANG_WARN_EMPTY_BODY = YES;
				CLANG_WARN_ENUM_CONVERSION = YES;
				CLANG_WARN_INFINITE_RECURSION = YES;
				CLANG_WARN_INT_CONVERSION = YES;
				CLANG_WARN_NON_LITERAL_NULL_CONVERSION = YES;
				CLANG_WARN_OBJC_IMPLICIT_RETAIN_SELF = YES;
				CLANG_WARN_OBJC_LITERAL_CONVERSION = YES;
				CLANG_WARN_OBJC_ROOT_CLASS = YES_ERROR;
				CLANG_WARN_QUOTED_INCLUDE_IN_FRAMEWORK_HEADER = YES;
				CLANG_WARN_RANGE_LOOP_ANALYSIS = YES;
				CLANG_WARN_STRICT_PROTOTYPES = YES;
				CLANG_WARN_SUSPICIOUS_MOVE = YES;
				CLANG_WARN_UNGUARDED_AVAILABILITY = YES_AGGRESSIVE;
				CLANG_WARN_UNREACHABLE_CODE = YES;
				CLANG_WARN__DUPLICATE_METHOD_MATCH = YES;
				COPY_PHASE_STRIP = NO;
				DEBUG_INFORMATION_FORMAT = dwarf;
				ENABLE_STRICT_OBJC_MSGSEND = YES;
				ENABLE_TESTABILITY = YES;
				GCC_C_LANGUAGE_STANDARD = gnu11;
				GCC_DYNAMIC_NO_PIC = NO;
				GCC_NO_COMMON_BLOCKS = YES;
				GCC_OPTIMIZATION_LEVEL = 0;
				GCC_PREPROCESSOR_DEFINITIONS = (
					"DEBUG=1",
					"$(inherited)",
				);
				GCC_WARN_64_TO_32_BIT_CONVERSION = YES;
				GCC_WARN_ABOUT_RETURN_TYPE = YES_ERROR;
				GCC_WARN_UNDECLARED_SELECTOR = YES;
				GCC_WARN_UNINITIALIZED_AUTOS = YES_AGGRESSIVE;
				GCC_WARN_UNUSED_FUNCTION = YES;
				GCC_WARN_UNUSED_VARIABLE = YES;
				IPHONEOS_DEPLOYMENT_TARGET = 16.4;
				MTL_ENABLE_DEBUG_INFO = INCLUDE_SOURCE;
				MTL_FAST_MATH = YES;
				ONLY_ACTIVE_ARCH = YES;
				SDKROOT = iphoneos;
				SWIFT_ACTIVE_COMPILATION_CONDITIONS = DEBUG;
				SWIFT_OPTIMIZATION_LEVEL = "-Onone";
			};
			name = Debug;
		};
		304EA8BA2A61B26D00EC5EBA /* Release */ = {
			isa = XCBuildConfiguration;
			buildSettings = {
				ALWAYS_SEARCH_USER_PATHS = NO;
				CLANG_ANALYZER_NONNULL = YES;
				CLANG_ANALYZER_NUMBER_OBJECT_CONVERSION = YES_AGGRESSIVE;
				CLANG_CXX_LANGUAGE_STANDARD = "gnu++20";
				CLANG_ENABLE_MODULES = YES;
				CLANG_ENABLE_OBJC_ARC = YES;
				CLANG_ENABLE_OBJC_WEAK = YES;
				CLANG_WARN_BLOCK_CAPTURE_AUTORELEASING = YES;
				CLANG_WARN_BOOL_CONVERSION = YES;
				CLANG_WARN_COMMA = YES;
				CLANG_WARN_CONSTANT_CONVERSION = YES;
				CLANG_WARN_DEPRECATED_OBJC_IMPLEMENTATIONS = YES;
				CLANG_WARN_DIRECT_OBJC_ISA_USAGE = YES_ERROR;
				CLANG_WARN_DOCUMENTATION_COMMENTS = YES;
				CLANG_WARN_EMPTY_BODY = YES;
				CLANG_WARN_ENUM_CONVERSION = YES;
				CLANG_WARN_INFINITE_RECURSION = YES;
				CLANG_WARN_INT_CONVERSION = YES;
				CLANG_WARN_NON_LITERAL_NULL_CONVERSION = YES;
				CLANG_WARN_OBJC_IMPLICIT_RETAIN_SELF = YES;
				CLANG_WARN_OBJC_LITERAL_CONVERSION = YES;
				CLANG_WARN_OBJC_ROOT_CLASS = YES_ERROR;
				CLANG_WARN_QUOTED_INCLUDE_IN_FRAMEWORK_HEADER = YES;
				CLANG_WARN_RANGE_LOOP_ANALYSIS = YES;
				CLANG_WARN_STRICT_PROTOTYPES = YES;
				CLANG_WARN_SUSPICIOUS_MOVE = YES;
				CLANG_WARN_UNGUARDED_AVAILABILITY = YES_AGGRESSIVE;
				CLANG_WARN_UNREACHABLE_CODE = YES;
				CLANG_WARN__DUPLICATE_METHOD_MATCH = YES;
				COPY_PHASE_STRIP = NO;
				DEBUG_INFORMATION_FORMAT = "dwarf-with-dsym";
				ENABLE_NS_ASSERTIONS = NO;
				ENABLE_STRICT_OBJC_MSGSEND = YES;
				GCC_C_LANGUAGE_STANDARD = gnu11;
				GCC_NO_COMMON_BLOCKS = YES;
				GCC_WARN_64_TO_32_BIT_CONVERSION = YES;
				GCC_WARN_ABOUT_RETURN_TYPE = YES_ERROR;
				GCC_WARN_UNDECLARED_SELECTOR = YES;
				GCC_WARN_UNINITIALIZED_AUTOS = YES_AGGRESSIVE;
				GCC_WARN_UNUSED_FUNCTION = YES;
				GCC_WARN_UNUSED_VARIABLE = YES;
				IPHONEOS_DEPLOYMENT_TARGET = 16.4;
				MTL_ENABLE_DEBUG_INFO = NO;
				MTL_FAST_MATH = YES;
				SDKROOT = iphoneos;
				SWIFT_COMPILATION_MODE = wholemodule;
				SWIFT_OPTIMIZATION_LEVEL = "-O";
				VALIDATE_PRODUCT = YES;
			};
			name = Release;
		};
		304EA8BC2A61B26D00EC5EBA /* Debug */ = {
			isa = XCBuildConfiguration;
			buildSettings = {
				ASSETCATALOG_COMPILER_APPICON_NAME = AppIcon;
				ASSETCATALOG_COMPILER_GLOBAL_ACCENT_COLOR_NAME = AccentColor;
				CODE_SIGN_STYLE = Automatic;
				CURRENT_PROJECT_VERSION = 1;
				DEVELOPMENT_ASSET_PATHS = "\"Galileo/Preview Content\"";
				DEVELOPMENT_TEAM = 4Q64HMZS63;
				ENABLE_PREVIEWS = YES;
				GENERATE_INFOPLIST_FILE = YES;
				INFOPLIST_KEY_CFBundleDisplayName = "Galileo v2";
				INFOPLIST_KEY_LSApplicationCategoryType = "public.app-category.education";
				INFOPLIST_KEY_UIApplicationSceneManifest_Generation = YES;
				INFOPLIST_KEY_UIApplicationSupportsIndirectInputEvents = YES;
				INFOPLIST_KEY_UILaunchScreen_Generation = YES;
				INFOPLIST_KEY_UISupportedInterfaceOrientations = UIInterfaceOrientationPortrait;
				INFOPLIST_KEY_UISupportedInterfaceOrientations_iPad = "UIInterfaceOrientationLandscapeLeft UIInterfaceOrientationLandscapeRight UIInterfaceOrientationPortrait UIInterfaceOrientationPortraitUpsideDown";
				LD_RUNPATH_SEARCH_PATHS = (
					"$(inherited)",
					"@executable_path/Frameworks",
				);
				MARKETING_VERSION = 1.0;
				PRODUCT_BUNDLE_IDENTIFIER = com.progetto.Galileo;
				PRODUCT_NAME = "$(TARGET_NAME)";
				SWIFT_EMIT_LOC_STRINGS = YES;
				SWIFT_VERSION = 5.0;
				TARGETED_DEVICE_FAMILY = "1,2";
			};
			name = Debug;
		};
		304EA8BD2A61B26D00EC5EBA /* Release */ = {
			isa = XCBuildConfiguration;
			buildSettings = {
				ASSETCATALOG_COMPILER_APPICON_NAME = AppIcon;
				ASSETCATALOG_COMPILER_GLOBAL_ACCENT_COLOR_NAME = AccentColor;
				CODE_SIGN_STYLE = Automatic;
				CURRENT_PROJECT_VERSION = 1;
				DEVELOPMENT_ASSET_PATHS = "\"Galileo/Preview Content\"";
				DEVELOPMENT_TEAM = 4Q64HMZS63;
				ENABLE_PREVIEWS = YES;
				GENERATE_INFOPLIST_FILE = YES;
				INFOPLIST_KEY_CFBundleDisplayName = "Galileo v2";
				INFOPLIST_KEY_LSApplicationCategoryType = "public.app-category.education";
				INFOPLIST_KEY_UIApplicationSceneManifest_Generation = YES;
				INFOPLIST_KEY_UIApplicationSupportsIndirectInputEvents = YES;
				INFOPLIST_KEY_UILaunchScreen_Generation = YES;
				INFOPLIST_KEY_UISupportedInterfaceOrientations = UIInterfaceOrientationPortrait;
				INFOPLIST_KEY_UISupportedInterfaceOrientations_iPad = "UIInterfaceOrientationLandscapeLeft UIInterfaceOrientationLandscapeRight UIInterfaceOrientationPortrait UIInterfaceOrientationPortraitUpsideDown";
				LD_RUNPATH_SEARCH_PATHS = (
					"$(inherited)",
					"@executable_path/Frameworks",
				);
				MARKETING_VERSION = 1.0;
				PRODUCT_BUNDLE_IDENTIFIER = com.progetto.Galileo;
				PRODUCT_NAME = "$(TARGET_NAME)";
				SWIFT_EMIT_LOC_STRINGS = YES;
				SWIFT_VERSION = 5.0;
				TARGETED_DEVICE_FAMILY = "1,2";
			};
			name = Release;
		};
/* End XCBuildConfiguration section */

/* Begin XCConfigurationList section */
		304EA8A82A61B26900EC5EBA /* Build configuration list for PBXProject "Galileo" */ = {
			isa = XCConfigurationList;
			buildConfigurations = (
				304EA8B92A61B26D00EC5EBA /* Debug */,
				304EA8BA2A61B26D00EC5EBA /* Release */,
			);
			defaultConfigurationIsVisible = 0;
			defaultConfigurationName = Release;
		};
		304EA8BB2A61B26D00EC5EBA /* Build configuration list for PBXNativeTarget "Galileo" */ = {
			isa = XCConfigurationList;
			buildConfigurations = (
				304EA8BC2A61B26D00EC5EBA /* Debug */,
				304EA8BD2A61B26D00EC5EBA /* Release */,
			);
			defaultConfigurationIsVisible = 0;
			defaultConfigurationName = Release;
		};
/* End XCConfigurationList section */
	};
	rootObject = 304EA8A52A61B26900EC5EBA /* Project object */;
}
